
Microsoft Visual Studio Solution File, Format Version 12.00
# Visual Studio 2012
Project("{FAE04EC0-301F-11D3-BF4B-00C04F79EFBC}") = "KR1", "KR1\KR1.csproj", "{E64742F8-4915-4930-A210-F9C12D56B88E}"
EndProject
Global
	GlobalSection(SolutionConfigurationPlatforms) = preSolution
		Debug|Any CPU = Debug|Any CPU
		Release|Any CPU = Release|Any CPU
	EndGlobalSection
	GlobalSection(ProjectConfigurationPlatforms) = postSolution
		{E64742F8-4915-4930-A210-F9C12D56B88E}.Debug|Any CPU.ActiveCfg = Debug|Any CPU
		{E64742F8-4915-4930-A210-F9C12D56B88E}.Debug|Any CPU.Build.0 = Debug|Any CPU
		{E64742F8-4915-4930-A210-F9C12D56B88E}.Release|Any CPU.ActiveCfg = Release|Any CPU
		{E64742F8-4915-4930-A210-F9C12D56B88E}.Release|Any CPU.Build.0 = Release|Any CPU
	EndGlobalSection
	GlobalSection(SolutionProperties) = preSolution
		HideSolutionNode = FALSE
	EndGlobalSection
EndGlobal
